
Microsoft Visual Studio Solution File, Format Version 12.00
# Visual Studio Version 17
VisualStudioVersion = 17.13.35828.75 d17.13
MinimumVisualStudioVersion = 10.0.40219.1
Project("{FAE04EC0-301F-11D3-BF4B-00C04F79EFBC}") = "donely_Inspilab", "donely_Inspilab.csproj", "{58F53E81-070C-4CE7-AABF-8C61294F427F}"
EndProject
Global
	GlobalSection(SolutionConfigurationPlatforms) = preSolution
		Debug|Any CPU = Debug|Any CPU
		Release|Any CPU = Release|Any CPU
	EndGlobalSection
	GlobalSection(ProjectConfigurationPlatforms) = postSolution
		{58F53E81-070C-4CE7-AABF-8C61294F427F}.Debug|Any CPU.ActiveCfg = Debug|Any CPU
		{58F53E81-070C-4CE7-AABF-8C61294F427F}.Debug|Any CPU.Build.0 = Debug|Any CPU
		{58F53E81-070C-4CE7-AABF-8C61294F427F}.Release|Any CPU.ActiveCfg = Release|Any CPU
		{58F53E81-070C-4CE7-AABF-8C61294F427F}.Release|Any CPU.Build.0 = Release|Any CPU
	EndGlobalSection
	GlobalSection(SolutionProperties) = preSolution
		HideSolutionNode = FALSE
	EndGlobalSection
	GlobalSection(ExtensibilityGlobals) = postSolution
		SolutionGuid = {F22C5BC2-6FC5-4B74-A0D3-277CE1293207}
	EndGlobalSection
EndGlobal
